
Microsoft Visual Studio Solution File, Format Version 12.00
# Visual Studio Version 16
VisualStudioVersion = 16.0.30320.27
MinimumVisualStudioVersion = 10.0.40219.1
Project("{FAE04EC0-301F-11D3-BF4B-00C04F79EFBC}") = "Week2Fri", "Week2Fri.csproj", "{CFDA01F4-8A24-487C-BE0A-7E75856072F4}"
EndProject
Global
	GlobalSection(SolutionConfigurationPlatforms) = preSolution
		Debug|Any CPU = Debug|Any CPU
		Release|Any CPU = Release|Any CPU
	EndGlobalSection
	GlobalSection(ProjectConfigurationPlatforms) = postSolution
		{CFDA01F4-8A24-487C-BE0A-7E75856072F4}.Debug|Any CPU.ActiveCfg = Debug|Any CPU
		{CFDA01F4-8A24-487C-BE0A-7E75856072F4}.Debug|Any CPU.Build.0 = Debug|Any CPU
		{CFDA01F4-8A24-487C-BE0A-7E75856072F4}.Release|Any CPU.ActiveCfg = Release|Any CPU
		{CFDA01F4-8A24-487C-BE0A-7E75856072F4}.Release|Any CPU.Build.0 = Release|Any CPU
	EndGlobalSection
	GlobalSection(SolutionProperties) = preSolution
		HideSolutionNode = FALSE
	EndGlobalSection
	GlobalSection(ExtensibilityGlobals) = postSolution
		SolutionGuid = {14B14EB9-0117-4BA9-9BFB-F18170447D7A}
	EndGlobalSection
EndGlobal
