
Microsoft Visual Studio Solution File, Format Version 12.00
# Visual Studio Version 16
VisualStudioVersion = 16.0.30320.27
MinimumVisualStudioVersion = 10.0.40219.1
Project("{FAE04EC0-301F-11D3-BF4B-00C04F79EFBC}") = "Week2Mon", "Week2Mon.csproj", "{2157752F-F7F2-4704-95DD-7D827DCC15A7}"
EndProject
Global
	GlobalSection(SolutionConfigurationPlatforms) = preSolution
		Debug|Any CPU = Debug|Any CPU
		Release|Any CPU = Release|Any CPU
	EndGlobalSection
	GlobalSection(ProjectConfigurationPlatforms) = postSolution
		{2157752F-F7F2-4704-95DD-7D827DCC15A7}.Debug|Any CPU.ActiveCfg = Debug|Any CPU
		{2157752F-F7F2-4704-95DD-7D827DCC15A7}.Debug|Any CPU.Build.0 = Debug|Any CPU
		{2157752F-F7F2-4704-95DD-7D827DCC15A7}.Release|Any CPU.ActiveCfg = Release|Any CPU
		{2157752F-F7F2-4704-95DD-7D827DCC15A7}.Release|Any CPU.Build.0 = Release|Any CPU
	EndGlobalSection
	GlobalSection(SolutionProperties) = preSolution
		HideSolutionNode = FALSE
	EndGlobalSection
	GlobalSection(ExtensibilityGlobals) = postSolution
		SolutionGuid = {18475107-66D8-425D-9A00-DE431651943E}
	EndGlobalSection
EndGlobal
