
Microsoft Visual Studio Solution File, Format Version 12.00
# Visual Studio Version 16
VisualStudioVersion = 16.0.30320.27
MinimumVisualStudioVersion = 10.0.40219.1
Project("{FAE04EC0-301F-11D3-BF4B-00C04F79EFBC}") = "FirstLinq", "FirstLinq.csproj", "{896FC9F8-8CE2-4ACC-8FFE-AA130CD22E1D}"
EndProject
Global
	GlobalSection(SolutionConfigurationPlatforms) = preSolution
		Debug|Any CPU = Debug|Any CPU
		Release|Any CPU = Release|Any CPU
	EndGlobalSection
	GlobalSection(ProjectConfigurationPlatforms) = postSolution
		{896FC9F8-8CE2-4ACC-8FFE-AA130CD22E1D}.Debug|Any CPU.ActiveCfg = Debug|Any CPU
		{896FC9F8-8CE2-4ACC-8FFE-AA130CD22E1D}.Debug|Any CPU.Build.0 = Debug|Any CPU
		{896FC9F8-8CE2-4ACC-8FFE-AA130CD22E1D}.Release|Any CPU.ActiveCfg = Release|Any CPU
		{896FC9F8-8CE2-4ACC-8FFE-AA130CD22E1D}.Release|Any CPU.Build.0 = Release|Any CPU
	EndGlobalSection
	GlobalSection(SolutionProperties) = preSolution
		HideSolutionNode = FALSE
	EndGlobalSection
	GlobalSection(ExtensibilityGlobals) = postSolution
		SolutionGuid = {B4C07543-31C5-4548-91B8-2F97CFBD8DC3}
	EndGlobalSection
EndGlobal
